// !$*UTF8*$!
{
	archiveVersion = 1;
	classes = {
	};
	objectVersion = 46;
	objects = {

/* Begin PBXBuildFile section */
		D0AC91F91A3905E500F05979 /* main.m in Sources */ = {isa = PBXBuildFile; fileRef = D0AC91F81A3905E500F05979 /* main.m */; };
		D0AC91FC1A3905E500F05979 /* AppDelegate.m in Sources */ = {isa = PBXBuildFile; fileRef = D0AC91FB1A3905E500F05979 /* AppDelegate.m */; };
		D0AC91FF1A3905E500F05979 /* MasterViewController.m in Sources */ = {isa = PBXBuildFile; fileRef = D0AC91FE1A3905E500F05979 /* MasterViewController.m */; };
		D0AC92021A3905E500F05979 /* DetailViewController.m in Sources */ = {isa = PBXBuildFile; fileRef = D0AC92011A3905E500F05979 /* DetailViewController.m */; };
		D0AC92051A3905E500F05979 /* Main.storyboard in Resources */ = {isa = PBXBuildFile; fileRef = D0AC92031A3905E500F05979 /* Main.storyboard */; };
		D0AC92071A3905E500F05979 /* Images.xcassets in Resources */ = {isa = PBXBuildFile; fileRef = D0AC92061A3905E500F05979 /* Images.xcassets */; };
		D0AC920A1A3905E500F05979 /* LaunchScreen.xib in Resources */ = {isa = PBXBuildFile; fileRef = D0AC92081A3905E500F05979 /* LaunchScreen.xib */; };
		D0AC92161A3905E500F05979 /* SearchBarBackgroundProblemTests.m in Sources */ = {isa = PBXBuildFile; fileRef = D0AC92151A3905E500F05979 /* SearchBarBackgroundProblemTests.m */; };
/* End PBXBuildFile section */

/* Begin PBXContainerItemProxy section */
		D0AC92101A3905E500F05979 /* PBXContainerItemProxy */ = {
			isa = PBXContainerItemProxy;
			containerPortal = D0AC91EB1A3905E500F05979 /* Project object */;
			proxyType = 1;
			remoteGlobalIDString = D0AC91F21A3905E500F05979;
			remoteInfo = SearchBarBackgroundProblem;
		};
/* End PBXContainerItemProxy section */

/* Begin PBXFileReference section */
		D0AC91F31A3905E500F05979 /* SearchBarBackgroundProblem.app */ = {isa = PBXFileReference; explicitFileType = wrapper.application; includeInIndex = 0; path = SearchBarBackgroundProblem.app; sourceTree = BUILT_PRODUCTS_DIR; };
		D0AC91F71A3905E500F05979 /* Info.plist */ = {isa = PBXFileReference; lastKnownFileType = text.plist.xml; path = Info.plist; sourceTree = "<group>"; };
		D0AC91F81A3905E500F05979 /* main.m */ = {isa = PBXFileReference; lastKnownFileType = sourcecode.c.objc; path = main.m; sourceTree = "<group>"; };
		D0AC91FA1A3905E500F05979 /* AppDelegate.h */ = {isa = PBXFileReference; lastKnownFileType = sourcecode.c.h; path = AppDelegate.h; sourceTree = "<group>"; };
		D0AC91FB1A3905E500F05979 /* AppDelegate.m */ = {isa = PBXFileReference; lastKnownFileType = sourcecode.c.objc; path = AppDelegate.m; sourceTree = "<group>"; };
		D0AC91FD1A3905E500F05979 /* MasterViewController.h */ = {isa = PBXFileReference; lastKnownFileType = sourcecode.c.h; path = MasterViewController.h; sourceTree = "<group>"; };
		D0AC91FE1A3905E500F05979 /* MasterViewController.m */ = {isa = PBXFileReference; lastKnownFileType = sourcecode.c.objc; path = MasterViewController.m; sourceTree = "<group>"; };
		D0AC92001A3905E500F05979 /* DetailViewController.h */ = {isa = PBXFileReference; lastKnownFileType = sourcecode.c.h; path = DetailViewController.h; sourceTree = "<group>"; };
		D0AC92011A3905E500F05979 /* DetailViewController.m */ = {isa = PBXFileReference; lastKnownFileType = sourcecode.c.objc; path = DetailViewController.m; sourceTree = "<group>"; };
		D0AC92041A3905E500F05979 /* Base */ = {isa = PBXFileReference; lastKnownFileType = file.storyboard; name = Base; path = Base.lproj/Main.storyboard; sourceTree = "<group>"; };
		D0AC92061A3905E500F05979 /* Images.xcassets */ = {isa = PBXFileReference; lastKnownFileType = folder.assetcatalog; path = Images.xcassets; sourceTree = "<group>"; };
		D0AC92091A3905E500F05979 /* Base */ = {isa = PBXFileReference; lastKnownFileType = file.xib; name = Base; path = Base.lproj/LaunchScreen.xib; sourceTree = "<group>"; };
		D0AC920F1A3905E500F05979 /* SearchBarBackgroundProblemTests.xctest */ = {isa = PBXFileReference; explicitFileType = wrapper.cfbundle; includeInIndex = 0; path = SearchBarBackgroundProblemTests.xctest; sourceTree = BUILT_PRODUCTS_DIR; };
		D0AC92141A3905E500F05979 /* Info.plist */ = {isa = PBXFileReference; lastKnownFileType = text.plist.xml; path = Info.plist; sourceTree = "<group>"; };
		D0AC92151A3905E500F05979 /* SearchBarBackgroundProblemTests.m */ = {isa = PBXFileReference; lastKnownFileType = sourcecode.c.objc; path = SearchBarBackgroundProblemTests.m; sourceTree = "<group>"; };
/* End PBXFileReference section */

/* Begin PBXFrameworksBuildPhase section */
		D0AC91F01A3905E500F05979 /* Frameworks */ = {
			isa = PBXFrameworksBuildPhase;
			buildActionMask = 2147483647;
			files = (
			);
			runOnlyForDeploymentPostprocessing = 0;
		};
		D0AC920C1A3905E500F05979 /* Frameworks */ = {
			isa = PBXFrameworksBuildPhase;
			buildActionMask = 2147483647;
			files = (
			);
			runOnlyForDeploymentPostprocessing = 0;
		};
/* End PBXFrameworksBuildPhase section */

/* Begin PBXGroup section */
		D0AC91EA1A3905E500F05979 = {
			isa = PBXGroup;
			children = (
				D0AC91F51A3905E500F05979 /* SearchBarBackgroundProblem */,
				D0AC92121A3905E500F05979 /* SearchBarBackgroundProblemTests */,
				D0AC91F41A3905E500F05979 /* Products */,
			);
			sourceTree = "<group>";
		};
		D0AC91F41A3905E500F05979 /* Products */ = {
			isa = PBXGroup;
			children = (
				D0AC91F31A3905E500F05979 /* SearchBarBackgroundProblem.app */,
				D0AC920F1A3905E500F05979 /* SearchBarBackgroundProblemTests.xctest */,
			);
			name = Products;
			sourceTree = "<group>";
		};
		D0AC91F51A3905E500F05979 /* SearchBarBackgroundProblem */ = {
			isa = PBXGroup;
			children = (
				D0AC91FA1A3905E500F05979 /* AppDelegate.h */,
				D0AC91FB1A3905E500F05979 /* AppDelegate.m */,
				D0AC91FD1A3905E500F05979 /* MasterViewController.h */,
				D0AC91FE1A3905E500F05979 /* MasterViewController.m */,
				D0AC92001A3905E500F05979 /* DetailViewController.h */,
				D0AC92011A3905E500F05979 /* DetailViewController.m */,
				D0AC92031A3905E500F05979 /* Main.storyboard */,
				D0AC92061A3905E500F05979 /* Images.xcassets */,
				D0AC92081A3905E500F05979 /* LaunchScreen.xib */,
				D0AC91F61A3905E500F05979 /* Supporting Files */,
			);
			path = SearchBarBackgroundProblem;
			sourceTree = "<group>";
		};
		D0AC91F61A3905E500F05979 /* Supporting Files */ = {
			isa = PBXGroup;
			children = (
				D0AC91F71A3905E500F05979 /* Info.plist */,
				D0AC91F81A3905E500F05979 /* main.m */,
			);
			name = "Supporting Files";
			sourceTree = "<group>";
		};
		D0AC92121A3905E500F05979 /* SearchBarBackgroundProblemTests */ = {
			isa = PBXGroup;
			children = (
				D0AC92151A3905E500F05979 /* SearchBarBackgroundProblemTests.m */,
				D0AC92131A3905E500F05979 /* Supporting Files */,
			);
			path = SearchBarBackgroundProblemTests;
			sourceTree = "<group>";
		};
		D0AC92131A3905E500F05979 /* Supporting Files */ = {
			isa = PBXGroup;
			children = (
				D0AC92141A3905E500F05979 /* Info.plist */,
			);
			name = "Supporting Files";
			sourceTree = "<group>";
		};
/* End PBXGroup section */

/* Begin PBXNativeTarget section */
		D0AC91F21A3905E500F05979 /* SearchBarBackgroundProblem */ = {
			isa = PBXNativeTarget;
			buildConfigurationList = D0AC92191A3905E500F05979 /* Build configuration list for PBXNativeTarget "SearchBarBackgroundProblem" */;
			buildPhases = (
				D0AC91EF1A3905E500F05979 /* Sources */,
				D0AC91F01A3905E500F05979 /* Frameworks */,
				D0AC91F11A3905E500F05979 /* Resources */,
			);
			buildRules = (
			);
			dependencies = (
			);
			name = SearchBarBackgroundProblem;
			productName = SearchBarBackgroundProblem;
			productReference = D0AC91F31A3905E500F05979 /* SearchBarBackgroundProblem.app */;
			productType = "com.apple.product-type.application";
		};
		D0AC920E1A3905E500F05979 /* SearchBarBackgroundProblemTests */ = {
			isa = PBXNativeTarget;
			buildConfigurationList = D0AC921C1A3905E500F05979 /* Build configuration list for PBXNativeTarget "SearchBarBackgroundProblemTests" */;
			buildPhases = (
				D0AC920B1A3905E500F05979 /* Sources */,
				D0AC920C1A3905E500F05979 /* Frameworks */,
				D0AC920D1A3905E500F05979 /* Resources */,
			);
			buildRules = (
			);
			dependencies = (
				D0AC92111A3905E500F05979 /* PBXTargetDependency */,
			);
			name = SearchBarBackgroundProblemTests;
			productName = SearchBarBackgroundProblemTests;
			productReference = D0AC920F1A3905E500F05979 /* SearchBarBackgroundProblemTests.xctest */;
			productType = "com.apple.product-type.bundle.unit-test";
		};
/* End PBXNativeTarget section */

/* Begin PBXProject section */
		D0AC91EB1A3905E500F05979 /* Project object */ = {
			isa = PBXProject;
			attributes = {
				LastUpgradeCheck = 0610;
				ORGANIZATIONNAME = "Bubble Foundry";
				TargetAttributes = {
					D0AC91F21A3905E500F05979 = {
						CreatedOnToolsVersion = 6.1.1;
					};
					D0AC920E1A3905E500F05979 = {
						CreatedOnToolsVersion = 6.1.1;
						TestTargetID = D0AC91F21A3905E500F05979;
					};
				};
			};
			buildConfigurationList = D0AC91EE1A3905E500F05979 /* Build configuration list for PBXProject "SearchBarBackgroundProblem" */;
			compatibilityVersion = "Xcode 3.2";
			developmentRegion = English;
			hasScannedForEncodings = 0;
			knownRegions = (
				en,
				Base,
			);
			mainGroup = D0AC91EA1A3905E500F05979;
			productRefGroup = D0AC91F41A3905E500F05979 /* Products */;
			projectDirPath = "";
			projectRoot = "";
			targets = (
				D0AC91F21A3905E500F05979 /* SearchBarBackgroundProblem */,
				D0AC920E1A3905E500F05979 /* SearchBarBackgroundProblemTests */,
			);
		};
/* End PBXProject section */

/* Begin PBXResourcesBuildPhase section */
		D0AC91F11A3905E500F05979 /* Resources */ = {
			isa = PBXResourcesBuildPhase;
			buildActionMask = 2147483647;
			files = (
				D0AC92051A3905E500F05979 /* Main.storyboard in Resources */,
				D0AC920A1A3905E500F05979 /* LaunchScreen.xib in Resources */,
				D0AC92071A3905E500F05979 /* Images.xcassets in Resources */,
			);
			runOnlyForDeploymentPostprocessing = 0;
		};
		D0AC920D1A3905E500F05979 /* Resources */ = {
			isa = PBXResourcesBuildPhase;
			buildActionMask = 2147483647;
			files = (
			);
			runOnlyForDeploymentPostprocessing = 0;
		};
/* End PBXResourcesBuildPhase section */

/* Begin PBXSourcesBuildPhase section */
		D0AC91EF1A3905E500F05979 /* Sources */ = {
			isa = PBXSourcesBuildPhase;
			buildActionMask = 2147483647;
			files = (
				D0AC91FC1A3905E500F05979 /* AppDelegate.m in Sources */,
				D0AC91FF1A3905E500F05979 /* MasterViewController.m in Sources */,
				D0AC91F91A3905E500F05979 /* main.m in Sources */,
				D0AC92021A3905E500F05979 /* DetailViewController.m in Sources */,
			);
			runOnlyForDeploymentPostprocessing = 0;
		};
		D0AC920B1A3905E500F05979 /* Sources */ = {
			isa = PBXSourcesBuildPhase;
			buildActionMask = 2147483647;
			files = (
				D0AC92161A3905E500F05979 /* SearchBarBackgroundProblemTests.m in Sources */,
			);
			runOnlyForDeploymentPostprocessing = 0;
		};
/* End PBXSourcesBuildPhase section */

/* Begin PBXTargetDependency section */
		D0AC92111A3905E500F05979 /* PBXTargetDependency */ = {
			isa = PBXTargetDependency;
			target = D0AC91F21A3905E500F05979 /* SearchBarBackgroundProblem */;
			targetProxy = D0AC92101A3905E500F05979 /* PBXContainerItemProxy */;
		};
/* End PBXTargetDependency section */

/* Begin PBXVariantGroup section */
		D0AC92031A3905E500F05979 /* Main.storyboard */ = {
			isa = PBXVariantGroup;
			children = (
				D0AC92041A3905E500F05979 /* Base */,
			);
			name = Main.storyboard;
			sourceTree = "<group>";
		};
		D0AC92081A3905E500F05979 /* LaunchScreen.xib */ = {
			isa = PBXVariantGroup;
			children = (
				D0AC92091A3905E500F05979 /* Base */,
			);
			name = LaunchScreen.xib;
			sourceTree = "<group>";
		};
/* End PBXVariantGroup section */

/* Begin XCBuildConfiguration section */
		D0AC92171A3905E500F05979 /* Debug */ = {
			isa = XCBuildConfiguration;
			buildSettings = {
				ALWAYS_SEARCH_USER_PATHS = NO;
				CLANG_CXX_LANGUAGE_STANDARD = "gnu++0x";
				CLANG_CXX_LIBRARY = "libc++";
				CLANG_ENABLE_MODULES = YES;
				CLANG_ENABLE_OBJC_ARC = YES;
				CLANG_WARN_BOOL_CONVERSION = YES;
				CLANG_WARN_CONSTANT_CONVERSION = YES;
				CLANG_WARN_DIRECT_OBJC_ISA_USAGE = YES_ERROR;
				CLANG_WARN_EMPTY_BODY = YES;
				CLANG_WARN_ENUM_CONVERSION = YES;
				CLANG_WARN_INT_CONVERSION = YES;
				CLANG_WARN_OBJC_ROOT_CLASS = YES_ERROR;
				CLANG_WARN_UNREACHABLE_CODE = YES;
				CLANG_WARN__DUPLICATE_METHOD_MATCH = YES;
				"CODE_SIGN_IDENTITY[sdk=iphoneos*]" = "iPhone Developer";
				COPY_PHASE_STRIP = NO;
				ENABLE_STRICT_OBJC_MSGSEND = YES;
				GCC_C_LANGUAGE_STANDARD = gnu99;
				GCC_DYNAMIC_NO_PIC = NO;
				GCC_OPTIMIZATION_LEVEL = 0;
				GCC_PREPROCESSOR_DEFINITIONS = (
					"DEBUG=1",
					"$(inherited)",
				);
				GCC_SYMBOLS_PRIVATE_EXTERN = NO;
				GCC_WARN_64_TO_32_BIT_CONVERSION = YES;
				GCC_WARN_ABOUT_RETURN_TYPE = YES_ERROR;
				GCC_WARN_UNDECLARED_SELECTOR = YES;
				GCC_WARN_UNINITIALIZED_AUTOS = YES_AGGRESSIVE;
				GCC_WARN_UNUSED_FUNCTION = YES;
				GCC_WARN_UNUSED_VARIABLE = YES;
				IPHONEOS_DEPLOYMENT_TARGET = 8.1;
				MTL_ENABLE_DEBUG_INFO = YES;
				ONLY_ACTIVE_ARCH = YES;
				SDKROOT = iphoneos;
			};
			name = Debug;
		};
		D0AC92181A3905E500F05979 /* Release */ = {
			isa = XCBuildConfiguration;
			buildSettings = {
				ALWAYS_SEARCH_USER_PATHS = NO;
				CLANG_CXX_LANGUAGE_STANDARD = "gnu++0x";
				CLANG_CXX_LIBRARY = "libc++";
				CLANG_ENABLE_MODULES = YES;
				CLANG_ENABLE_OBJC_ARC = YES;
				CLANG_WARN_BOOL_CONVERSION = YES;
				CLANG_WARN_CONSTANT_CONVERSION = YES;
				CLANG_WARN_DIRECT_OBJC_ISA_USAGE = YES_ERROR;
				CLANG_WARN_EMPTY_BODY = YES;
				CLANG_WARN_ENUM_CONVERSION = YES;
				CLANG_WARN_INT_CONVERSION = YES;
				CLANG_WARN_OBJC_ROOT_CLASS = YES_ERROR;
				CLANG_WARN_UNREACHABLE_CODE = YES;
				CLANG_WARN__DUPLICATE_METHOD_MATCH = YES;
				"CODE_SIGN_IDENTITY[sdk=iphoneos*]" = "iPhone Developer";
				COPY_PHASE_STRIP = YES;
				ENABLE_NS_ASSERTIONS = NO;
				ENABLE_STRICT_OBJC_MSGSEND = YES;
				GCC_C_LANGUAGE_STANDARD = gnu99;
				GCC_WARN_64_TO_32_BIT_CONVERSION = YES;
				GCC_WARN_ABOUT_RETURN_TYPE = YES_ERROR;
				GCC_WARN_UNDECLARED_SELECTOR = YES;
				GCC_WARN_UNINITIALIZED_AUTOS = YES_AGGRESSIVE;
				GCC_WARN_UNUSED_FUNCTION = YES;
				GCC_WARN_UNUSED_VARIABLE = YES;
				IPHONEOS_DEPLOYMENT_TARGET = 8.1;
				MTL_ENABLE_DEBUG_INFO = NO;
				SDKROOT = iphoneos;
				VALIDATE_PRODUCT = YES;
			};
			name = Release;
		};
		D0AC921A1A3905E500F05979 /* Debug */ = {
			isa = XCBuildConfiguration;
			buildSettings = {
				ASSETCATALOG_COMPILER_APPICON_NAME = AppIcon;
				INFOPLIST_FILE = SearchBarBackgroundProblem/Info.plist;
				LD_RUNPATH_SEARCH_PATHS = "$(inherited) @executable_path/Frameworks";
				PRODUCT_NAME = "$(TARGET_NAME)";
			};
			name = Debug;
		};
		D0AC921B1A3905E500F05979 /* Release */ = {
			isa = XCBuildConfiguration;
			buildSettings = {
				ASSETCATALOG_COMPILER_APPICON_NAME = AppIcon;
				INFOPLIST_FILE = SearchBarBackgroundProblem/Info.plist;
				LD_RUNPATH_SEARCH_PATHS = "$(inherited) @executable_path/Frameworks";
				PRODUCT_NAME = "$(TARGET_NAME)";
			};
			name = Release;
		};
		D0AC921D1A3905E500F05979 /* Debug */ = {
			isa = XCBuildConfiguration;
			buildSettings = {
				BUNDLE_LOADER = "$(TEST_HOST)";
				FRAMEWORK_SEARCH_PATHS = (
					"$(SDKROOT)/Developer/Library/Frameworks",
					"$(inherited)",
				);
				GCC_PREPROCESSOR_DEFINITIONS = (
					"DEBUG=1",
					"$(inherited)",
				);
				INFOPLIST_FILE = SearchBarBackgroundProblemTests/Info.plist;
				LD_RUNPATH_SEARCH_PATHS = "$(inherited) @executable_path/Frameworks @loader_path/Frameworks";
				PRODUCT_NAME = "$(TARGET_NAME)";
				TEST_HOST = "$(BUILT_PRODUCTS_DIR)/SearchBarBackgroundProblem.app/SearchBarBackgroundProblem";
			};
			name = Debug;
		};
		D0AC921E1A3905E500F05979 /* Release */ = {
			isa = XCBuildConfiguration;
			buildSettings = {
				BUNDLE_LOADER = "$(TEST_HOST)";
				FRAMEWORK_SEARCH_PATHS = (
					"$(SDKROOT)/Developer/Library/Frameworks",
					"$(inherited)",
				);
				INFOPLIST_FILE = SearchBarBackgroundProblemTests/Info.plist;
				LD_RUNPATH_SEARCH_PATHS = "$(inherited) @executable_path/Frameworks @loader_path/Frameworks";
				PRODUCT_NAME = "$(TARGET_NAME)";
				TEST_HOST = "$(BUILT_PRODUCTS_DIR)/SearchBarBackgroundProblem.app/SearchBarBackgroundProblem";
			};
			name = Release;
		};
/* End XCBuildConfiguration section */

/* Begin XCConfigurationList section */
		D0AC91EE1A3905E500F05979 /* Build configuration list for PBXProject "SearchBarBackgroundProblem" */ = {
			isa = XCConfigurationList;
			buildConfigurations = (
				D0AC92171A3905E500F05979 /* Debug */,
				D0AC92181A3905E500F05979 /* Release */,
			);
			defaultConfigurationIsVisible = 0;
			defaultConfigurationName = Release;
		};
		D0AC92191A3905E500F05979 /* Build configuration list for PBXNativeTarget "SearchBarBackgroundProblem" */ = {
			isa = XCConfigurationList;
			buildConfigurations = (
				D0AC921A1A3905E500F05979 /* Debug */,
				D0AC921B1A3905E500F05979 /* Release */,
			);
			defaultConfigurationIsVisible = 0;
		};
		D0AC921C1A3905E500F05979 /* Build configuration list for PBXNativeTarget "SearchBarBackgroundProblemTests" */ = {
			isa = XCConfigurationList;
			buildConfigurations = (
				D0AC921D1A3905E500F05979 /* Debug */,
				D0AC921E1A3905E500F05979 /* Release */,
			);
			defaultConfigurationIsVisible = 0;
		};
/* End XCConfigurationList section */
	};
	rootObject = D0AC91EB1A3905E500F05979 /* Project object */;
}
